// !$*UTF8*$!
{
	archiveVersion = 1;
	classes = {
	};
	objectVersion = 55;
	objects = {

/* Begin PBXBuildFile section */
		26C45D35488E7CB1A19030D7 /* Pods_StriderChallengeTests.framework in Frameworks */ = {isa = PBXBuildFile; fileRef = E56E9A6FC8044D62E7C2F9BA /* Pods_StriderChallengeTests.framework */; };
		30A3B72D28BCB374003C5EE7 /* PostViewCell.swift in Sources */ = {isa = PBXBuildFile; fileRef = 30A3B72C28BCB374003C5EE7 /* PostViewCell.swift */; };
		30A3B72F28BCB5C5003C5EE7 /* PostViewModel.swift in Sources */ = {isa = PBXBuildFile; fileRef = 30A3B72E28BCB5C5003C5EE7 /* PostViewModel.swift */; };
		30A3B73128BCBCA5003C5EE7 /* UserRepository.swift in Sources */ = {isa = PBXBuildFile; fileRef = 30A3B73028BCBCA5003C5EE7 /* UserRepository.swift */; };
		30A3B73428BCBCCC003C5EE7 /* UserEndPoint.swift in Sources */ = {isa = PBXBuildFile; fileRef = 30A3B73328BCBCCC003C5EE7 /* UserEndPoint.swift */; };
		30A3B73628BCBDD6003C5EE7 /* DatabaseManager.swift in Sources */ = {isa = PBXBuildFile; fileRef = 30A3B73528BCBDD6003C5EE7 /* DatabaseManager.swift */; };
		30A3B73828BCBEB4003C5EE7 /* StoreManager.swift in Sources */ = {isa = PBXBuildFile; fileRef = 30A3B73728BCBEB4003C5EE7 /* StoreManager.swift */; };
		30A3B73A28BCD647003C5EE7 /* PostsViewController.swift in Sources */ = {isa = PBXBuildFile; fileRef = 30A3B73928BCD647003C5EE7 /* PostsViewController.swift */; };
		30A3B73D28BCDB8E003C5EE7 /* ActionSheet.swift in Sources */ = {isa = PBXBuildFile; fileRef = 30A3B73C28BCDB8E003C5EE7 /* ActionSheet.swift */; };
		30A3B73F28BCDBBE003C5EE7 /* ActionSheetViewModel.swift in Sources */ = {isa = PBXBuildFile; fileRef = 30A3B73E28BCDBBE003C5EE7 /* ActionSheetViewModel.swift */; };
		30A3B74228BCDC12003C5EE7 /* PostHeader.swift in Sources */ = {isa = PBXBuildFile; fileRef = 30A3B74128BCDC12003C5EE7 /* PostHeader.swift */; };
		30A3B74428BCE0F2003C5EE7 /* UserViewModel.swift in Sources */ = {isa = PBXBuildFile; fileRef = 30A3B74328BCE0F2003C5EE7 /* UserViewModel.swift */; };
		30A3B74628BCE5B1003C5EE7 /* EditProfileCell.swift in Sources */ = {isa = PBXBuildFile; fileRef = 30A3B74528BCE5B1003C5EE7 /* EditProfileCell.swift */; };
		30A3B74828BCE70A003C5EE7 /* ProfileHeaderViewModel.swift in Sources */ = {isa = PBXBuildFile; fileRef = 30A3B74728BCE70A003C5EE7 /* ProfileHeaderViewModel.swift */; };
		30A3B74A28BCE765003C5EE7 /* EditProfileOptions.swift in Sources */ = {isa = PBXBuildFile; fileRef = 30A3B74928BCE765003C5EE7 /* EditProfileOptions.swift */; };
		30A3B74C28BCE7B9003C5EE7 /* EditProfileHeader.swift in Sources */ = {isa = PBXBuildFile; fileRef = 30A3B74B28BCE7B9003C5EE7 /* EditProfileHeader.swift */; };
		30A3B74E28BCE802003C5EE7 /* EditProfileFooter.swift in Sources */ = {isa = PBXBuildFile; fileRef = 30A3B74D28BCE802003C5EE7 /* EditProfileFooter.swift */; };
		30A3B75028BCE849003C5EE7 /* ProfileHeader.swift in Sources */ = {isa = PBXBuildFile; fileRef = 30A3B74F28BCE849003C5EE7 /* ProfileHeader.swift */; };
		30A3B75328BCE8CC003C5EE7 /* ActionSheetCell.swift in Sources */ = {isa = PBXBuildFile; fileRef = 30A3B75228BCE8CC003C5EE7 /* ActionSheetCell.swift */; };
		30A3B75528BCEA03003C5EE7 /* ProfileFilterView.swift in Sources */ = {isa = PBXBuildFile; fileRef = 30A3B75428BCEA03003C5EE7 /* ProfileFilterView.swift */; };
		30A3B75728BCEA1B003C5EE7 /* ProfileFilterCell.swift in Sources */ = {isa = PBXBuildFile; fileRef = 30A3B75628BCEA1B003C5EE7 /* ProfileFilterCell.swift */; };
		30C9215A28BC15A50091B23C /* MainTabViewController.swift in Sources */ = {isa = PBXBuildFile; fileRef = 30C9215928BC15A50091B23C /* MainTabViewController.swift */; };
		30C9216228BC166A0091B23C /* ProfileViewController.swift in Sources */ = {isa = PBXBuildFile; fileRef = 30C9216128BC166A0091B23C /* ProfileViewController.swift */; };
		30C9216428BC16AD0091B23C /* EditProfileViewController.swift in Sources */ = {isa = PBXBuildFile; fileRef = 30C9216328BC16AD0091B23C /* EditProfileViewController.swift */; };
		30C9216728BC17650091B23C /* FeedViewController.swift in Sources */ = {isa = PBXBuildFile; fileRef = 30C9216628BC17650091B23C /* FeedViewController.swift */; };
		30C9216928BC1BF90091B23C /* Aliases.swift in Sources */ = {isa = PBXBuildFile; fileRef = 30C9216828BC1BF90091B23C /* Aliases.swift */; };
		30C9216E28BC1F4A0091B23C /* ConstantsDatabase.swift in Sources */ = {isa = PBXBuildFile; fileRef = 30C9216D28BC1F4A0091B23C /* ConstantsDatabase.swift */; };
		30C9217128BC2CAB0091B23C /* GoogleService-Info.plist in Resources */ = {isa = PBXBuildFile; fileRef = 30C9217028BC2CAB0091B23C /* GoogleService-Info.plist */; };
		30C9217328BC33F90091B23C /* AuthManager.swift in Sources */ = {isa = PBXBuildFile; fileRef = 30C9217228BC33F90091B23C /* AuthManager.swift */; };
		30C9217528BC341D0091B23C /* UserModels.swift in Sources */ = {isa = PBXBuildFile; fileRef = 30C9217428BC341D0091B23C /* UserModels.swift */; };
		30C9217728BC35C50091B23C /* UploadPostViewController.swift in Sources */ = {isa = PBXBuildFile; fileRef = 30C9217628BC35C50091B23C /* UploadPostViewController.swift */; };
		30C9217928BC360B0091B23C /* CaptionTextView.swift in Sources */ = {isa = PBXBuildFile; fileRef = 30C9217828BC360B0091B23C /* CaptionTextView.swift */; };
		30C9217B28BC36660091B23C /* FeedViewModel.swift in Sources */ = {isa = PBXBuildFile; fileRef = 30C9217A28BC36660091B23C /* FeedViewModel.swift */; };
		30F26B8528B96307003BF696 /* AppDelegate.swift in Sources */ = {isa = PBXBuildFile; fileRef = 30F26B8428B96307003BF696 /* AppDelegate.swift */; };
		30F26B8E28B96308003BF696 /* Assets.xcassets in Resources */ = {isa = PBXBuildFile; fileRef = 30F26B8D28B96308003BF696 /* Assets.xcassets */; };
		30F26B9128B96308003BF696 /* LaunchScreen.storyboard in Resources */ = {isa = PBXBuildFile; fileRef = 30F26B8F28B96308003BF696 /* LaunchScreen.storyboard */; };
		30F26B9C28B96308003BF696 /* StriderChallengeTests.swift in Sources */ = {isa = PBXBuildFile; fileRef = 30F26B9B28B96308003BF696 /* StriderChallengeTests.swift */; };
		30F26BBA28B9643C003BF696 /* AppMainCoordinator.swift in Sources */ = {isa = PBXBuildFile; fileRef = 30F26BB928B9643C003BF696 /* AppMainCoordinator.swift */; };
		30F26BBC28B96450003BF696 /* AppConfigurations.swift in Sources */ = {isa = PBXBuildFile; fileRef = 30F26BBB28B96450003BF696 /* AppConfigurations.swift */; };
		30F26BBE28B96475003BF696 /* UIViewController+Extensions.swift in Sources */ = {isa = PBXBuildFile; fileRef = 30F26BBD28B96475003BF696 /* UIViewController+Extensions.swift */; };
		30F26BC028B96487003BF696 /* String+Extensions.swift in Sources */ = {isa = PBXBuildFile; fileRef = 30F26BBF28B96487003BF696 /* String+Extensions.swift */; };
		30F26BC228B964A7003BF696 /* Localizable.swift in Sources */ = {isa = PBXBuildFile; fileRef = 30F26BC128B964A7003BF696 /* Localizable.swift */; };
		30F26BC428B964BD003BF696 /* Localizable.strings in Resources */ = {isa = PBXBuildFile; fileRef = 30F26BC328B964BC003BF696 /* Localizable.strings */; };
		30F26BCC28B9650E003BF696 /* HomeCoordinator.swift in Sources */ = {isa = PBXBuildFile; fileRef = 30F26BCB28B9650E003BF696 /* HomeCoordinator.swift */; };
		30F26BD028B96578003BF696 /* PostsEndPoint.swift in Sources */ = {isa = PBXBuildFile; fileRef = 30F26BCF28B96578003BF696 /* PostsEndPoint.swift */; };
		30F26BD228B965A7003BF696 /* PostsRepository.swift in Sources */ = {isa = PBXBuildFile; fileRef = 30F26BD128B965A7003BF696 /* PostsRepository.swift */; };
		30F26BD428B96614003BF696 /* MainTabViewModel.swift in Sources */ = {isa = PBXBuildFile; fileRef = 30F26BD328B96614003BF696 /* MainTabViewModel.swift */; };
		30F26BDA28B9669B003BF696 /* Bindable.swift in Sources */ = {isa = PBXBuildFile; fileRef = 30F26BD928B9669B003BF696 /* Bindable.swift */; };
		30F26BDC28B966AE003BF696 /* Coordinator.swift in Sources */ = {isa = PBXBuildFile; fileRef = 30F26BDB28B966AE003BF696 /* Coordinator.swift */; };
		30F26BDE28B966C2003BF696 /* NetworkRepository.swift in Sources */ = {isa = PBXBuildFile; fileRef = 30F26BDD28B966C2003BF696 /* NetworkRepository.swift */; };
		30F26BE028B96827003BF696 /* HomeModel.swift in Sources */ = {isa = PBXBuildFile; fileRef = 30F26BDF28B96827003BF696 /* HomeModel.swift */; };
		30F26BE228B96E01003BF696 /* View+Extensions.swift in Sources */ = {isa = PBXBuildFile; fileRef = 30F26BE128B96E01003BF696 /* View+Extensions.swift */; };
		30F26BE528B970C4003BF696 /* UserDelegate.swift in Sources */ = {isa = PBXBuildFile; fileRef = 30F26BE428B970C4003BF696 /* UserDelegate.swift */; };
		30F26BE728B970E1003BF696 /* UIProtocols.swift in Sources */ = {isa = PBXBuildFile; fileRef = 30F26BE628B970E1003BF696 /* UIProtocols.swift */; };
		A2DFF69D44F5C1031C7C228A /* Pods_StriderChallenge.framework in Frameworks */ = {isa = PBXBuildFile; fileRef = 3A16002333905D24477FF14E /* Pods_StriderChallenge.framework */; };
/* End PBXBuildFile section */

/* Begin PBXContainerItemProxy section */
		30F26B9828B96308003BF696 /* PBXContainerItemProxy */ = {
			isa = PBXContainerItemProxy;
			containerPortal = 30F26B7928B96307003BF696 /* Project object */;
			proxyType = 1;
			remoteGlobalIDString = 30F26B8028B96307003BF696;
			remoteInfo = StriderChallenge;
		};
/* End PBXContainerItemProxy section */

/* Begin PBXFileReference section */
		1E86E208FFA373C02D719336 /* Pods-StriderChallengeTests.release.xcconfig */ = {isa = PBXFileReference; includeInIndex = 1; lastKnownFileType = text.xcconfig; name = "Pods-StriderChallengeTests.release.xcconfig"; path = "Target Support Files/Pods-StriderChallengeTests/Pods-StriderChallengeTests.release.xcconfig"; sourceTree = "<group>"; };
		30A3B72C28BCB374003C5EE7 /* PostViewCell.swift */ = {isa = PBXFileReference; lastKnownFileType = sourcecode.swift; path = PostViewCell.swift; sourceTree = "<group>"; };
		30A3B72E28BCB5C5003C5EE7 /* PostViewModel.swift */ = {isa = PBXFileReference; lastKnownFileType = sourcecode.swift; path = PostViewModel.swift; sourceTree = "<group>"; };
		30A3B73028BCBCA5003C5EE7 /* UserRepository.swift */ = {isa = PBXFileReference; lastKnownFileType = sourcecode.swift; path = UserRepository.swift; sourceTree = "<group>"; };
		30A3B73328BCBCCC003C5EE7 /* UserEndPoint.swift */ = {isa = PBXFileReference; lastKnownFileType = sourcecode.swift; path = UserEndPoint.swift; sourceTree = "<group>"; };
		30A3B73528BCBDD6003C5EE7 /* DatabaseManager.swift */ = {isa = PBXFileReference; lastKnownFileType = sourcecode.swift; path = DatabaseManager.swift; sourceTree = "<group>"; };
		30A3B73728BCBEB4003C5EE7 /* StoreManager.swift */ = {isa = PBXFileReference; lastKnownFileType = sourcecode.swift; path = StoreManager.swift; sourceTree = "<group>"; };
		30A3B73928BCD647003C5EE7 /* PostsViewController.swift */ = {isa = PBXFileReference; lastKnownFileType = sourcecode.swift; path = PostsViewController.swift; sourceTree = "<group>"; };
		30A3B73C28BCDB8E003C5EE7 /* ActionSheet.swift */ = {isa = PBXFileReference; lastKnownFileType = sourcecode.swift; path = ActionSheet.swift; sourceTree = "<group>"; };
		30A3B73E28BCDBBE003C5EE7 /* ActionSheetViewModel.swift */ = {isa = PBXFileReference; lastKnownFileType = sourcecode.swift; path = ActionSheetViewModel.swift; sourceTree = "<group>"; };
		30A3B74128BCDC12003C5EE7 /* PostHeader.swift */ = {isa = PBXFileReference; lastKnownFileType = sourcecode.swift; path = PostHeader.swift; sourceTree = "<group>"; };
		30A3B74328BCE0F2003C5EE7 /* UserViewModel.swift */ = {isa = PBXFileReference; lastKnownFileType = sourcecode.swift; path = UserViewModel.swift; sourceTree = "<group>"; };
		30A3B74528BCE5B1003C5EE7 /* EditProfileCell.swift */ = {isa = PBXFileReference; lastKnownFileType = sourcecode.swift; path = EditProfileCell.swift; sourceTree = "<group>"; };
		30A3B74728BCE70A003C5EE7 /* ProfileHeaderViewModel.swift */ = {isa = PBXFileReference; lastKnownFileType = sourcecode.swift; path = ProfileHeaderViewModel.swift; sourceTree = "<group>"; };
		30A3B74928BCE765003C5EE7 /* EditProfileOptions.swift */ = {isa = PBXFileReference; lastKnownFileType = sourcecode.swift; path = EditProfileOptions.swift; sourceTree = "<group>"; };
		30A3B74B28BCE7B9003C5EE7 /* EditProfileHeader.swift */ = {isa = PBXFileReference; lastKnownFileType = sourcecode.swift; path = EditProfileHeader.swift; sourceTree = "<group>"; };
		30A3B74D28BCE802003C5EE7 /* EditProfileFooter.swift */ = {isa = PBXFileReference; lastKnownFileType = sourcecode.swift; path = EditProfileFooter.swift; sourceTree = "<group>"; };
		30A3B74F28BCE849003C5EE7 /* ProfileHeader.swift */ = {isa = PBXFileReference; lastKnownFileType = sourcecode.swift; path = ProfileHeader.swift; sourceTree = "<group>"; };
		30A3B75228BCE8CC003C5EE7 /* ActionSheetCell.swift */ = {isa = PBXFileReference; lastKnownFileType = sourcecode.swift; path = ActionSheetCell.swift; sourceTree = "<group>"; };
		30A3B75428BCEA03003C5EE7 /* ProfileFilterView.swift */ = {isa = PBXFileReference; lastKnownFileType = sourcecode.swift; path = ProfileFilterView.swift; sourceTree = "<group>"; };
		30A3B75628BCEA1B003C5EE7 /* ProfileFilterCell.swift */ = {isa = PBXFileReference; lastKnownFileType = sourcecode.swift; path = ProfileFilterCell.swift; sourceTree = "<group>"; };
		30C9215928BC15A50091B23C /* MainTabViewController.swift */ = {isa = PBXFileReference; lastKnownFileType = sourcecode.swift; path = MainTabViewController.swift; sourceTree = "<group>"; };
		30C9216128BC166A0091B23C /* ProfileViewController.swift */ = {isa = PBXFileReference; lastKnownFileType = sourcecode.swift; path = ProfileViewController.swift; sourceTree = "<group>"; };
		30C9216328BC16AD0091B23C /* EditProfileViewController.swift */ = {isa = PBXFileReference; lastKnownFileType = sourcecode.swift; path = EditProfileViewController.swift; sourceTree = "<group>"; };
		30C9216628BC17650091B23C /* FeedViewController.swift */ = {isa = PBXFileReference; lastKnownFileType = sourcecode.swift; path = FeedViewController.swift; sourceTree = "<group>"; };
		30C9216828BC1BF90091B23C /* Aliases.swift */ = {isa = PBXFileReference; lastKnownFileType = sourcecode.swift; path = Aliases.swift; sourceTree = "<group>"; };
		30C9216D28BC1F4A0091B23C /* ConstantsDatabase.swift */ = {isa = PBXFileReference; lastKnownFileType = sourcecode.swift; path = ConstantsDatabase.swift; sourceTree = "<group>"; };
		30C9217028BC2CAB0091B23C /* GoogleService-Info.plist */ = {isa = PBXFileReference; fileEncoding = 4; lastKnownFileType = text.plist.xml; path = "GoogleService-Info.plist"; sourceTree = "<group>"; };
		30C9217228BC33F90091B23C /* AuthManager.swift */ = {isa = PBXFileReference; lastKnownFileType = sourcecode.swift; path = AuthManager.swift; sourceTree = "<group>"; };
		30C9217428BC341D0091B23C /* UserModels.swift */ = {isa = PBXFileReference; lastKnownFileType = sourcecode.swift; path = UserModels.swift; sourceTree = "<group>"; };
		30C9217628BC35C50091B23C /* UploadPostViewController.swift */ = {isa = PBXFileReference; lastKnownFileType = sourcecode.swift; path = UploadPostViewController.swift; sourceTree = "<group>"; };
		30C9217828BC360B0091B23C /* CaptionTextView.swift */ = {isa = PBXFileReference; lastKnownFileType = sourcecode.swift; path = CaptionTextView.swift; sourceTree = "<group>"; };
		30C9217A28BC36660091B23C /* FeedViewModel.swift */ = {isa = PBXFileReference; lastKnownFileType = sourcecode.swift; path = FeedViewModel.swift; sourceTree = "<group>"; };
		30F26B8128B96307003BF696 /* StriderChallenge.app */ = {isa = PBXFileReference; explicitFileType = wrapper.application; includeInIndex = 0; path = StriderChallenge.app; sourceTree = BUILT_PRODUCTS_DIR; };
		30F26B8428B96307003BF696 /* AppDelegate.swift */ = {isa = PBXFileReference; lastKnownFileType = sourcecode.swift; path = AppDelegate.swift; sourceTree = "<group>"; };
		30F26B8D28B96308003BF696 /* Assets.xcassets */ = {isa = PBXFileReference; lastKnownFileType = folder.assetcatalog; path = Assets.xcassets; sourceTree = "<group>"; };
		30F26B9028B96308003BF696 /* Base */ = {isa = PBXFileReference; lastKnownFileType = file.storyboard; name = Base; path = Base.lproj/LaunchScreen.storyboard; sourceTree = "<group>"; };
		30F26B9228B96308003BF696 /* Info.plist */ = {isa = PBXFileReference; lastKnownFileType = text.plist.xml; path = Info.plist; sourceTree = "<group>"; };
		30F26B9728B96308003BF696 /* StriderChallengeTests.xctest */ = {isa = PBXFileReference; explicitFileType = wrapper.cfbundle; includeInIndex = 0; path = StriderChallengeTests.xctest; sourceTree = BUILT_PRODUCTS_DIR; };
		30F26B9B28B96308003BF696 /* StriderChallengeTests.swift */ = {isa = PBXFileReference; lastKnownFileType = sourcecode.swift; path = StriderChallengeTests.swift; sourceTree = "<group>"; };
		30F26BB928B9643C003BF696 /* AppMainCoordinator.swift */ = {isa = PBXFileReference; lastKnownFileType = sourcecode.swift; path = AppMainCoordinator.swift; sourceTree = "<group>"; };
		30F26BBB28B96450003BF696 /* AppConfigurations.swift */ = {isa = PBXFileReference; lastKnownFileType = sourcecode.swift; path = AppConfigurations.swift; sourceTree = "<group>"; };
		30F26BBD28B96475003BF696 /* UIViewController+Extensions.swift */ = {isa = PBXFileReference; lastKnownFileType = sourcecode.swift; path = "UIViewController+Extensions.swift"; sourceTree = "<group>"; };
		30F26BBF28B96487003BF696 /* String+Extensions.swift */ = {isa = PBXFileReference; lastKnownFileType = sourcecode.swift; path = "String+Extensions.swift"; sourceTree = "<group>"; };
		30F26BC128B964A7003BF696 /* Localizable.swift */ = {isa = PBXFileReference; lastKnownFileType = sourcecode.swift; path = Localizable.swift; sourceTree = "<group>"; };
		30F26BC328B964BC003BF696 /* Localizable.strings */ = {isa = PBXFileReference; lastKnownFileType = text.plist.strings; path = Localizable.strings; sourceTree = "<group>"; };
		30F26BCB28B9650E003BF696 /* HomeCoordinator.swift */ = {isa = PBXFileReference; lastKnownFileType = sourcecode.swift; path = HomeCoordinator.swift; sourceTree = "<group>"; };
		30F26BCF28B96578003BF696 /* PostsEndPoint.swift */ = {isa = PBXFileReference; lastKnownFileType = sourcecode.swift; path = PostsEndPoint.swift; sourceTree = "<group>"; };
		30F26BD128B965A7003BF696 /* PostsRepository.swift */ = {isa = PBXFileReference; lastKnownFileType = sourcecode.swift; path = PostsRepository.swift; sourceTree = "<group>"; };
		30F26BD328B96614003BF696 /* MainTabViewModel.swift */ = {isa = PBXFileReference; lastKnownFileType = sourcecode.swift; path = MainTabViewModel.swift; sourceTree = "<group>"; };
		30F26BD928B9669B003BF696 /* Bindable.swift */ = {isa = PBXFileReference; lastKnownFileType = sourcecode.swift; path = Bindable.swift; sourceTree = "<group>"; };
		30F26BDB28B966AE003BF696 /* Coordinator.swift */ = {isa = PBXFileReference; lastKnownFileType = sourcecode.swift; path = Coordinator.swift; sourceTree = "<group>"; };
		30F26BDD28B966C2003BF696 /* NetworkRepository.swift */ = {isa = PBXFileReference; lastKnownFileType = sourcecode.swift; path = NetworkRepository.swift; sourceTree = "<group>"; };
		30F26BDF28B96827003BF696 /* HomeModel.swift */ = {isa = PBXFileReference; lastKnownFileType = sourcecode.swift; path = HomeModel.swift; sourceTree = "<group>"; };
		30F26BE128B96E01003BF696 /* View+Extensions.swift */ = {isa = PBXFileReference; lastKnownFileType = sourcecode.swift; path = "View+Extensions.swift"; sourceTree = "<group>"; };
		30F26BE428B970C4003BF696 /* UserDelegate.swift */ = {isa = PBXFileReference; lastKnownFileType = sourcecode.swift; path = UserDelegate.swift; sourceTree = "<group>"; };
		30F26BE628B970E1003BF696 /* UIProtocols.swift */ = {isa = PBXFileReference; lastKnownFileType = sourcecode.swift; path = UIProtocols.swift; sourceTree = "<group>"; };
		3A16002333905D24477FF14E /* Pods_StriderChallenge.framework */ = {isa = PBXFileReference; explicitFileType = wrapper.framework; includeInIndex = 0; path = Pods_StriderChallenge.framework; sourceTree = BUILT_PRODUCTS_DIR; };
		4743D97034D14FE3C32BF036 /* Pods-StriderChallengeTests.debug.xcconfig */ = {isa = PBXFileReference; includeInIndex = 1; lastKnownFileType = text.xcconfig; name = "Pods-StriderChallengeTests.debug.xcconfig"; path = "Target Support Files/Pods-StriderChallengeTests/Pods-StriderChallengeTests.debug.xcconfig"; sourceTree = "<group>"; };
		D8CA8839D28944F70D5A797C /* Pods-StriderChallenge.debug.xcconfig */ = {isa = PBXFileReference; includeInIndex = 1; lastKnownFileType = text.xcconfig; name = "Pods-StriderChallenge.debug.xcconfig"; path = "Target Support Files/Pods-StriderChallenge/Pods-StriderChallenge.debug.xcconfig"; sourceTree = "<group>"; };
		E56E9A6FC8044D62E7C2F9BA /* Pods_StriderChallengeTests.framework */ = {isa = PBXFileReference; explicitFileType = wrapper.framework; includeInIndex = 0; path = Pods_StriderChallengeTests.framework; sourceTree = BUILT_PRODUCTS_DIR; };
		FA39A8D9F6280350C1B5DDCA /* Pods-StriderChallenge.release.xcconfig */ = {isa = PBXFileReference; includeInIndex = 1; lastKnownFileType = text.xcconfig; name = "Pods-StriderChallenge.release.xcconfig"; path = "Target Support Files/Pods-StriderChallenge/Pods-StriderChallenge.release.xcconfig"; sourceTree = "<group>"; };
/* End PBXFileReference section */

/* Begin PBXFrameworksBuildPhase section */
		30F26B7E28B96307003BF696 /* Frameworks */ = {
			isa = PBXFrameworksBuildPhase;
			buildActionMask = 2147483647;
			files = (
				A2DFF69D44F5C1031C7C228A /* Pods_StriderChallenge.framework in Frameworks */,
			);
			runOnlyForDeploymentPostprocessing = 0;
		};
		30F26B9428B96308003BF696 /* Frameworks */ = {
			isa = PBXFrameworksBuildPhase;
			buildActionMask = 2147483647;
			files = (
				26C45D35488E7CB1A19030D7 /* Pods_StriderChallengeTests.framework in Frameworks */,
			);
			runOnlyForDeploymentPostprocessing = 0;
		};
/* End PBXFrameworksBuildPhase section */

/* Begin PBXGroup section */
		30A3B72B28BCB36B003C5EE7 /* Cell */ = {
			isa = PBXGroup;
			children = (
				30A3B72C28BCB374003C5EE7 /* PostViewCell.swift */,
			);
			path = Cell;
			sourceTree = "<group>";
		};
		30A3B73228BCBCC1003C5EE7 /* EndPoint */ = {
			isa = PBXGroup;
			children = (
				30A3B73328BCBCCC003C5EE7 /* UserEndPoint.swift */,
			);
			path = EndPoint;
			sourceTree = "<group>";
		};
		30A3B73B28BCDB85003C5EE7 /* ActionSheet */ = {
			isa = PBXGroup;
			children = (
				30A3B73C28BCDB8E003C5EE7 /* ActionSheet.swift */,
				30A3B75228BCE8CC003C5EE7 /* ActionSheetCell.swift */,
				30A3B73E28BCDBBE003C5EE7 /* ActionSheetViewModel.swift */,
			);
			path = ActionSheet;
			sourceTree = "<group>";
		};
		30A3B74028BCDC08003C5EE7 /* Headers */ = {
			isa = PBXGroup;
			children = (
				30A3B74128BCDC12003C5EE7 /* PostHeader.swift */,
			);
			path = Headers;
			sourceTree = "<group>";
		};
		30A3B75128BCE854003C5EE7 /* Header */ = {
			isa = PBXGroup;
			children = (
				30A3B74B28BCE7B9003C5EE7 /* EditProfileHeader.swift */,
				30A3B74D28BCE802003C5EE7 /* EditProfileFooter.swift */,
				30A3B74F28BCE849003C5EE7 /* ProfileHeader.swift */,
			);
			path = Header;
			sourceTree = "<group>";
		};
		30C9215B28BC16400091B23C /* User */ = {
			isa = PBXGroup;
			children = (
				30C9215C28BC16470091B23C /* Model */,
				30C9216028BC165E0091B23C /* View */,
				30C9215F28BC16570091B23C /* ViewModel */,
				30C9215E28BC16510091B23C /* Repository */,
				30C9215D28BC164B0091B23C /* Coordinator */,
			);
			path = User;
			sourceTree = "<group>";
		};
		30C9215C28BC16470091B23C /* Model */ = {
			isa = PBXGroup;
			children = (
				30C9217428BC341D0091B23C /* UserModels.swift */,
			);
			path = Model;
			sourceTree = "<group>";
		};
		30C9215D28BC164B0091B23C /* Coordinator */ = {
			isa = PBXGroup;
			children = (
			);
			path = Coordinator;
			sourceTree = "<group>";
		};
		30C9215E28BC16510091B23C /* Repository */ = {
			isa = PBXGroup;
			children = (
				30A3B73228BCBCC1003C5EE7 /* EndPoint */,
				30A3B73028BCBCA5003C5EE7 /* UserRepository.swift */,
			);
			path = Repository;
			sourceTree = "<group>";
		};
		30C9215F28BC16570091B23C /* ViewModel */ = {
			isa = PBXGroup;
			children = (
				30A3B74328BCE0F2003C5EE7 /* UserViewModel.swift */,
				30A3B74728BCE70A003C5EE7 /* ProfileHeaderViewModel.swift */,
				30A3B74928BCE765003C5EE7 /* EditProfileOptions.swift */,
			);
			path = ViewModel;
			sourceTree = "<group>";
		};
		30C9216028BC165E0091B23C /* View */ = {
			isa = PBXGroup;
			children = (
				30A3B75128BCE854003C5EE7 /* Header */,
				30C9216528BC17150091B23C /* Cell */,
				30C9216128BC166A0091B23C /* ProfileViewController.swift */,
				30C9216328BC16AD0091B23C /* EditProfileViewController.swift */,
				30C9217828BC360B0091B23C /* CaptionTextView.swift */,
				30A3B75428BCEA03003C5EE7 /* ProfileFilterView.swift */,
			);
			path = View;
			sourceTree = "<group>";
		};
		30C9216528BC17150091B23C /* Cell */ = {
			isa = PBXGroup;
			children = (
				30A3B74528BCE5B1003C5EE7 /* EditProfileCell.swift */,
				30A3B75628BCEA1B003C5EE7 /* ProfileFilterCell.swift */,
			);
			path = Cell;
			sourceTree = "<group>";
		};
		30C9216C28BC1F3E0091B23C /* Constants */ = {
			isa = PBXGroup;
			children = (
				30C9216D28BC1F4A0091B23C /* ConstantsDatabase.swift */,
			);
			path = Constants;
			sourceTree = "<group>";
		};
		30C9216F28BC2C600091B23C /* Firebase */ = {
			isa = PBXGroup;
			children = (
				30C9217028BC2CAB0091B23C /* GoogleService-Info.plist */,
				30C9217228BC33F90091B23C /* AuthManager.swift */,
				30A3B73528BCBDD6003C5EE7 /* DatabaseManager.swift */,
				30A3B73728BCBEB4003C5EE7 /* StoreManager.swift */,
			);
			path = Firebase;
			sourceTree = "<group>";
		};
		30F26B7828B96307003BF696 = {
			isa = PBXGroup;
			children = (
				30F26B8328B96307003BF696 /* StriderChallenge */,
				30F26B9A28B96308003BF696 /* StriderChallengeTests */,
				30F26B8228B96307003BF696 /* Products */,
				DAC7F1621D15A926BDEC60D8 /* Pods */,
				4F5EEE957041CA5E19E4DC2B /* Frameworks */,
			);
			sourceTree = "<group>";
		};
		30F26B8228B96307003BF696 /* Products */ = {
			isa = PBXGroup;
			children = (
				30F26B8128B96307003BF696 /* StriderChallenge.app */,
				30F26B9728B96308003BF696 /* StriderChallengeTests.xctest */,
			);
			name = Products;
			sourceTree = "<group>";
		};
		30F26B8328B96307003BF696 /* StriderChallenge */ = {
			isa = PBXGroup;
			children = (
				30F26BB428B96390003BF696 /* Base.Iproj */,
				30F26BB528B963A0003BF696 /* Resources */,
				30C9215B28BC16400091B23C /* User */,
				30F26BC528B964D5003BF696 /* Home */,
				30F26BD528B96666003BF696 /* Fundamentals */,
			);
			path = StriderChallenge;
			sourceTree = "<group>";
		};
		30F26B9A28B96308003BF696 /* StriderChallengeTests */ = {
			isa = PBXGroup;
			children = (
				30F26B9B28B96308003BF696 /* StriderChallengeTests.swift */,
			);
			path = StriderChallengeTests;
			sourceTree = "<group>";
		};
		30F26BB428B96390003BF696 /* Base.Iproj */ = {
			isa = PBXGroup;
			children = (
				30F26B8F28B96308003BF696 /* LaunchScreen.storyboard */,
			);
			path = Base.Iproj;
			sourceTree = "<group>";
		};
		30F26BB528B963A0003BF696 /* Resources */ = {
			isa = PBXGroup;
			children = (
				30A3B73B28BCDB85003C5EE7 /* ActionSheet */,
				30C9216F28BC2C600091B23C /* Firebase */,
				30C9216C28BC1F3E0091B23C /* Constants */,
				30F26BB628B963A8003BF696 /* Application */,
				30F26BB728B963AD003BF696 /* Extensions */,
				30F26BB828B963B5003BF696 /* Localizable */,
				30F26B8D28B96308003BF696 /* Assets.xcassets */,
				30F26B9228B96308003BF696 /* Info.plist */,
			);
			path = Resources;
			sourceTree = "<group>";
		};
		30F26BB628B963A8003BF696 /* Application */ = {
			isa = PBXGroup;
			children = (
				30F26B8428B96307003BF696 /* AppDelegate.swift */,
				30F26BB928B9643C003BF696 /* AppMainCoordinator.swift */,
				30F26BBB28B96450003BF696 /* AppConfigurations.swift */,
			);
			path = Application;
			sourceTree = "<group>";
		};
		30F26BB728B963AD003BF696 /* Extensions */ = {
			isa = PBXGroup;
			children = (
				30F26BBD28B96475003BF696 /* UIViewController+Extensions.swift */,
				30F26BBF28B96487003BF696 /* String+Extensions.swift */,
				30F26BE128B96E01003BF696 /* View+Extensions.swift */,
				30C9216828BC1BF90091B23C /* Aliases.swift */,
			);
			path = Extensions;
			sourceTree = "<group>";
		};
		30F26BB828B963B5003BF696 /* Localizable */ = {
			isa = PBXGroup;
			children = (
				30F26BC128B964A7003BF696 /* Localizable.swift */,
				30F26BC328B964BC003BF696 /* Localizable.strings */,
			);
			path = Localizable;
			sourceTree = "<group>";
		};
		30F26BC528B964D5003BF696 /* Home */ = {
			isa = PBXGroup;
			children = (
				30F26BCA28B964FA003BF696 /* Model */,
				30F26BC928B964F3003BF696 /* View */,
				30F26BC828B964E8003BF696 /* ViewModel */,
				30F26BC728B964E1003BF696 /* Repository */,
				30F26BC628B964DB003BF696 /* Coordinator */,
			);
			path = Home;
			sourceTree = "<group>";
		};
		30F26BC628B964DB003BF696 /* Coordinator */ = {
			isa = PBXGroup;
			children = (
				30F26BCB28B9650E003BF696 /* HomeCoordinator.swift */,
			);
			path = Coordinator;
			sourceTree = "<group>";
		};
		30F26BC728B964E1003BF696 /* Repository */ = {
			isa = PBXGroup;
			children = (
				30F26BCD28B96552003BF696 /* EndPoint */,
				30F26BD128B965A7003BF696 /* PostsRepository.swift */,
			);
			path = Repository;
			sourceTree = "<group>";
		};
		30F26BC828B964E8003BF696 /* ViewModel */ = {
			isa = PBXGroup;
			children = (
				30C9217A28BC36660091B23C /* FeedViewModel.swift */,
				30F26BD328B96614003BF696 /* MainTabViewModel.swift */,
				30A3B72E28BCB5C5003C5EE7 /* PostViewModel.swift */,
			);
			path = ViewModel;
			sourceTree = "<group>";
		};
		30F26BC928B964F3003BF696 /* View */ = {
			isa = PBXGroup;
			children = (
				30A3B74028BCDC08003C5EE7 /* Headers */,
				30A3B72B28BCB36B003C5EE7 /* Cell */,
				30C9217628BC35C50091B23C /* UploadPostViewController.swift */,
				30C9215928BC15A50091B23C /* MainTabViewController.swift */,
				30C9216628BC17650091B23C /* FeedViewController.swift */,
				30A3B73928BCD647003C5EE7 /* PostsViewController.swift */,
			);
			path = View;
			sourceTree = "<group>";
		};
		30F26BCA28B964FA003BF696 /* Model */ = {
			isa = PBXGroup;
			children = (
				30F26BDF28B96827003BF696 /* HomeModel.swift */,
			);
			path = Model;
			sourceTree = "<group>";
		};
		30F26BCD28B96552003BF696 /* EndPoint */ = {
			isa = PBXGroup;
			children = (
				30F26BCF28B96578003BF696 /* PostsEndPoint.swift */,
			);
			path = EndPoint;
			sourceTree = "<group>";
		};
		30F26BD528B96666003BF696 /* Fundamentals */ = {
			isa = PBXGroup;
			children = (
				30F26BE328B970B6003BF696 /* Protocols */,
				30F26BD628B96675003BF696 /* Binding */,
				30F26BD728B9667B003BF696 /* Coordinator */,
				30F26BD828B96680003BF696 /* Network */,
			);
			path = Fundamentals;
			sourceTree = "<group>";
		};
		30F26BD628B96675003BF696 /* Binding */ = {
			isa = PBXGroup;
			children = (
				30F26BD928B9669B003BF696 /* Bindable.swift */,
			);
			path = Binding;
			sourceTree = "<group>";
		};
		30F26BD728B9667B003BF696 /* Coordinator */ = {
			isa = PBXGroup;
			children = (
				30F26BDB28B966AE003BF696 /* Coordinator.swift */,
			);
			path = Coordinator;
			sourceTree = "<group>";
		};
		30F26BD828B96680003BF696 /* Network */ = {
			isa = PBXGroup;
			children = (
				30F26BDD28B966C2003BF696 /* NetworkRepository.swift */,
			);
			path = Network;
			sourceTree = "<group>";
		};
		30F26BE328B970B6003BF696 /* Protocols */ = {
			isa = PBXGroup;
			children = (
				30F26BE428B970C4003BF696 /* UserDelegate.swift */,
				30F26BE628B970E1003BF696 /* UIProtocols.swift */,
			);
			path = Protocols;
			sourceTree = "<group>";
		};
		4F5EEE957041CA5E19E4DC2B /* Frameworks */ = {
			isa = PBXGroup;
			children = (
				3A16002333905D24477FF14E /* Pods_StriderChallenge.framework */,
				E56E9A6FC8044D62E7C2F9BA /* Pods_StriderChallengeTests.framework */,
			);
			name = Frameworks;
			sourceTree = "<group>";
		};
		DAC7F1621D15A926BDEC60D8 /* Pods */ = {
			isa = PBXGroup;
			children = (
				D8CA8839D28944F70D5A797C /* Pods-StriderChallenge.debug.xcconfig */,
				FA39A8D9F6280350C1B5DDCA /* Pods-StriderChallenge.release.xcconfig */,
				4743D97034D14FE3C32BF036 /* Pods-StriderChallengeTests.debug.xcconfig */,
				1E86E208FFA373C02D719336 /* Pods-StriderChallengeTests.release.xcconfig */,
			);
			path = Pods;
			sourceTree = "<group>";
		};
/* End PBXGroup section */

/* Begin PBXNativeTarget section */
		30F26B8028B96307003BF696 /* StriderChallenge */ = {
			isa = PBXNativeTarget;
			buildConfigurationList = 30F26BAB28B96308003BF696 /* Build configuration list for PBXNativeTarget "StriderChallenge" */;
			buildPhases = (
				EBDE55FB03916FF6E023735E /* [CP] Check Pods Manifest.lock */,
				30F26B7D28B96307003BF696 /* Sources */,
				30F26B7E28B96307003BF696 /* Frameworks */,
				30F26B7F28B96307003BF696 /* Resources */,
				1EC9D905C5EBBC47968A477D /* [CP] Embed Pods Frameworks */,
			);
			buildRules = (
			);
			dependencies = (
			);
			name = StriderChallenge;
			productName = StriderChallenge;
			productReference = 30F26B8128B96307003BF696 /* StriderChallenge.app */;
			productType = "com.apple.product-type.application";
		};
		30F26B9628B96308003BF696 /* StriderChallengeTests */ = {
			isa = PBXNativeTarget;
			buildConfigurationList = 30F26BAE28B96308003BF696 /* Build configuration list for PBXNativeTarget "StriderChallengeTests" */;
			buildPhases = (
				063EA7BEC5685FDEFE178158 /* [CP] Check Pods Manifest.lock */,
				30F26B9328B96308003BF696 /* Sources */,
				30F26B9428B96308003BF696 /* Frameworks */,
				30F26B9528B96308003BF696 /* Resources */,
				8A55B803B20397F1DFA01C28 /* [CP] Embed Pods Frameworks */,
			);
			buildRules = (
			);
			dependencies = (
				30F26B9928B96308003BF696 /* PBXTargetDependency */,
			);
			name = StriderChallengeTests;
			productName = StriderChallengeTests;
			productReference = 30F26B9728B96308003BF696 /* StriderChallengeTests.xctest */;
			productType = "com.apple.product-type.bundle.unit-test";
		};
/* End PBXNativeTarget section */

/* Begin PBXProject section */
		30F26B7928B96307003BF696 /* Project object */ = {
			isa = PBXProject;
			attributes = {
				BuildIndependentTargetsInParallel = 1;
				LastSwiftUpdateCheck = 1330;
				LastUpgradeCheck = 1330;
				TargetAttributes = {
					30F26B8028B96307003BF696 = {
						CreatedOnToolsVersion = 13.3;
					};
					30F26B9628B96308003BF696 = {
						CreatedOnToolsVersion = 13.3;
						TestTargetID = 30F26B8028B96307003BF696;
					};
				};
			};
			buildConfigurationList = 30F26B7C28B96307003BF696 /* Build configuration list for PBXProject "StriderChallenge" */;
			compatibilityVersion = "Xcode 13.0";
			developmentRegion = en;
			hasScannedForEncodings = 0;
			knownRegions = (
				en,
				Base,
			);
			mainGroup = 30F26B7828B96307003BF696;
			productRefGroup = 30F26B8228B96307003BF696 /* Products */;
			projectDirPath = "";
			projectRoot = "";
			targets = (
				30F26B8028B96307003BF696 /* StriderChallenge */,
				30F26B9628B96308003BF696 /* StriderChallengeTests */,
			);
		};
/* End PBXProject section */

/* Begin PBXResourcesBuildPhase section */
		30F26B7F28B96307003BF696 /* Resources */ = {
			isa = PBXResourcesBuildPhase;
			buildActionMask = 2147483647;
			files = (
				30F26B9128B96308003BF696 /* LaunchScreen.storyboard in Resources */,
				30C9217128BC2CAB0091B23C /* GoogleService-Info.plist in Resources */,
				30F26BC428B964BD003BF696 /* Localizable.strings in Resources */,
				30F26B8E28B96308003BF696 /* Assets.xcassets in Resources */,
			);
			runOnlyForDeploymentPostprocessing = 0;
		};
		30F26B9528B96308003BF696 /* Resources */ = {
			isa = PBXResourcesBuildPhase;
			buildActionMask = 2147483647;
			files = (
			);
			runOnlyForDeploymentPostprocessing = 0;
		};
/* End PBXResourcesBuildPhase section */

/* Begin PBXShellScriptBuildPhase section */
		063EA7BEC5685FDEFE178158 /* [CP] Check Pods Manifest.lock */ = {
			isa = PBXShellScriptBuildPhase;
			buildActionMask = 2147483647;
			files = (
			);
			inputFileListPaths = (
			);
			inputPaths = (
				"${PODS_PODFILE_DIR_PATH}/Podfile.lock",
				"${PODS_ROOT}/Manifest.lock",
			);
			name = "[CP] Check Pods Manifest.lock";
			outputFileListPaths = (
			);
			outputPaths = (
				"$(DERIVED_FILE_DIR)/Pods-StriderChallengeTests-checkManifestLockResult.txt",
			);
			runOnlyForDeploymentPostprocessing = 0;
			shellPath = /bin/sh;
			shellScript = "diff \"${PODS_PODFILE_DIR_PATH}/Podfile.lock\" \"${PODS_ROOT}/Manifest.lock\" > /dev/null\nif [ $? != 0 ] ; then\n    # print error to STDERR\n    echo \"error: The sandbox is not in sync with the Podfile.lock. Run 'pod install' or update your CocoaPods installation.\" >&2\n    exit 1\nfi\n# This output is used by Xcode 'outputs' to avoid re-running this script phase.\necho \"SUCCESS\" > \"${SCRIPT_OUTPUT_FILE_0}\"\n";
			showEnvVarsInLog = 0;
		};
		1EC9D905C5EBBC47968A477D /* [CP] Embed Pods Frameworks */ = {
			isa = PBXShellScriptBuildPhase;
			buildActionMask = 2147483647;
			files = (
			);
			inputFileListPaths = (
				"${PODS_ROOT}/Target Support Files/Pods-StriderChallenge/Pods-StriderChallenge-frameworks-${CONFIGURATION}-input-files.xcfilelist",
			);
			name = "[CP] Embed Pods Frameworks";
			outputFileListPaths = (
				"${PODS_ROOT}/Target Support Files/Pods-StriderChallenge/Pods-StriderChallenge-frameworks-${CONFIGURATION}-output-files.xcfilelist",
			);
			runOnlyForDeploymentPostprocessing = 0;
			shellPath = /bin/sh;
			shellScript = "\"${PODS_ROOT}/Target Support Files/Pods-StriderChallenge/Pods-StriderChallenge-frameworks.sh\"\n";
			showEnvVarsInLog = 0;
		};
		8A55B803B20397F1DFA01C28 /* [CP] Embed Pods Frameworks */ = {
			isa = PBXShellScriptBuildPhase;
			buildActionMask = 2147483647;
			files = (
			);
			inputFileListPaths = (
				"${PODS_ROOT}/Target Support Files/Pods-StriderChallengeTests/Pods-StriderChallengeTests-frameworks-${CONFIGURATION}-input-files.xcfilelist",
			);
			name = "[CP] Embed Pods Frameworks";
			outputFileListPaths = (
				"${PODS_ROOT}/Target Support Files/Pods-StriderChallengeTests/Pods-StriderChallengeTests-frameworks-${CONFIGURATION}-output-files.xcfilelist",
			);
			runOnlyForDeploymentPostprocessing = 0;
			shellPath = /bin/sh;
			shellScript = "\"${PODS_ROOT}/Target Support Files/Pods-StriderChallengeTests/Pods-StriderChallengeTests-frameworks.sh\"\n";
			showEnvVarsInLog = 0;
		};
		EBDE55FB03916FF6E023735E /* [CP] Check Pods Manifest.lock */ = {
			isa = PBXShellScriptBuildPhase;
			buildActionMask = 2147483647;
			files = (
			);
			inputFileListPaths = (
			);
			inputPaths = (
				"${PODS_PODFILE_DIR_PATH}/Podfile.lock",
				"${PODS_ROOT}/Manifest.lock",
			);
			name = "[CP] Check Pods Manifest.lock";
			outputFileListPaths = (
			);
			outputPaths = (
				"$(DERIVED_FILE_DIR)/Pods-StriderChallenge-checkManifestLockResult.txt",
			);
			runOnlyForDeploymentPostprocessing = 0;
			shellPath = /bin/sh;
			shellScript = "diff \"${PODS_PODFILE_DIR_PATH}/Podfile.lock\" \"${PODS_ROOT}/Manifest.lock\" > /dev/null\nif [ $? != 0 ] ; then\n    # print error to STDERR\n    echo \"error: The sandbox is not in sync with the Podfile.lock. Run 'pod install' or update your CocoaPods installation.\" >&2\n    exit 1\nfi\n# This output is used by Xcode 'outputs' to avoid re-running this script phase.\necho \"SUCCESS\" > \"${SCRIPT_OUTPUT_FILE_0}\"\n";
			showEnvVarsInLog = 0;
		};
/* End PBXShellScriptBuildPhase section */

/* Begin PBXSourcesBuildPhase section */
		30F26B7D28B96307003BF696 /* Sources */ = {
			isa = PBXSourcesBuildPhase;
			buildActionMask = 2147483647;
			files = (
				30A3B72F28BCB5C5003C5EE7 /* PostViewModel.swift in Sources */,
				30C9215A28BC15A50091B23C /* MainTabViewController.swift in Sources */,
				30A3B72D28BCB374003C5EE7 /* PostViewCell.swift in Sources */,
				30F26BDE28B966C2003BF696 /* NetworkRepository.swift in Sources */,
				30C9217328BC33F90091B23C /* AuthManager.swift in Sources */,
				30C9216228BC166A0091B23C /* ProfileViewController.swift in Sources */,
				30F26BE728B970E1003BF696 /* UIProtocols.swift in Sources */,
				30F26BE528B970C4003BF696 /* UserDelegate.swift in Sources */,
				30A3B75028BCE849003C5EE7 /* ProfileHeader.swift in Sources */,
				30C9217728BC35C50091B23C /* UploadPostViewController.swift in Sources */,
				30F26BD428B96614003BF696 /* MainTabViewModel.swift in Sources */,
				30A3B73628BCBDD6003C5EE7 /* DatabaseManager.swift in Sources */,
				30F26BDC28B966AE003BF696 /* Coordinator.swift in Sources */,
				30F26BDA28B9669B003BF696 /* Bindable.swift in Sources */,
				30A3B74C28BCE7B9003C5EE7 /* EditProfileHeader.swift in Sources */,
				30F26BC228B964A7003BF696 /* Localizable.swift in Sources */,
				30A3B73A28BCD647003C5EE7 /* PostsViewController.swift in Sources */,
				30A3B73428BCBCCC003C5EE7 /* UserEndPoint.swift in Sources */,
				30F26BE228B96E01003BF696 /* View+Extensions.swift in Sources */,
				30A3B75328BCE8CC003C5EE7 /* ActionSheetCell.swift in Sources */,
				30F26B8528B96307003BF696 /* AppDelegate.swift in Sources */,
				30F26BBE28B96475003BF696 /* UIViewController+Extensions.swift in Sources */,
				30A3B73D28BCDB8E003C5EE7 /* ActionSheet.swift in Sources */,
				30A3B75528BCEA03003C5EE7 /* ProfileFilterView.swift in Sources */,
				30A3B73128BCBCA5003C5EE7 /* UserRepository.swift in Sources */,
				30F26BE028B96827003BF696 /* HomeModel.swift in Sources */,
				30A3B74428BCE0F2003C5EE7 /* UserViewModel.swift in Sources */,
				30C9217528BC341D0091B23C /* UserModels.swift in Sources */,
				30F26BBC28B96450003BF696 /* AppConfigurations.swift in Sources */,
				30C9216E28BC1F4A0091B23C /* ConstantsDatabase.swift in Sources */,
				30C9217B28BC36660091B23C /* FeedViewModel.swift in Sources */,
				30A3B73F28BCDBBE003C5EE7 /* ActionSheetViewModel.swift in Sources */,
				30F26BD228B965A7003BF696 /* PostsRepository.swift in Sources */,
				30F26BCC28B9650E003BF696 /* HomeCoordinator.swift in Sources */,
				30F26BC028B96487003BF696 /* String+Extensions.swift in Sources */,
				30A3B74E28BCE802003C5EE7 /* EditProfileFooter.swift in Sources */,
				30A3B74628BCE5B1003C5EE7 /* EditProfileCell.swift in Sources */,
				30A3B73828BCBEB4003C5EE7 /* StoreManager.swift in Sources */,
				30C9216728BC17650091B23C /* FeedViewController.swift in Sources */,
				30A3B74A28BCE765003C5EE7 /* EditProfileOptions.swift in Sources */,
				30A3B74228BCDC12003C5EE7 /* PostHeader.swift in Sources */,
				30A3B75728BCEA1B003C5EE7 /* ProfileFilterCell.swift in Sources */,
				30C9216928BC1BF90091B23C /* Aliases.swift in Sources */,
				30A3B74828BCE70A003C5EE7 /* ProfileHeaderViewModel.swift in Sources */,
				30F26BBA28B9643C003BF696 /* AppMainCoordinator.swift in Sources */,
				30F26BD028B96578003BF696 /* PostsEndPoint.swift in Sources */,
				30C9217928BC360B0091B23C /* CaptionTextView.swift in Sources */,
				30C9216428BC16AD0091B23C /* EditProfileViewController.swift in Sources */,
			);
			runOnlyForDeploymentPostprocessing = 0;
		};
		30F26B9328B96308003BF696 /* Sources */ = {
			isa = PBXSourcesBuildPhase;
			buildActionMask = 2147483647;
			files = (
				30F26B9C28B96308003BF696 /* StriderChallengeTests.swift in Sources */,
			);
			runOnlyForDeploymentPostprocessing = 0;
		};
/* End PBXSourcesBuildPhase section */

/* Begin PBXTargetDependency section */
		30F26B9928B96308003BF696 /* PBXTargetDependency */ = {
			isa = PBXTargetDependency;
			target = 30F26B8028B96307003BF696 /* StriderChallenge */;
			targetProxy = 30F26B9828B96308003BF696 /* PBXContainerItemProxy */;
		};
/* End PBXTargetDependency section */

/* Begin PBXVariantGroup section */
		30F26B8F28B96308003BF696 /* LaunchScreen.storyboard */ = {
			isa = PBXVariantGroup;
			children = (
				30F26B9028B96308003BF696 /* Base */,
			);
			name = LaunchScreen.storyboard;
			sourceTree = "<group>";
		};
/* End PBXVariantGroup section */

/* Begin XCBuildConfiguration section */
		30F26BA928B96308003BF696 /* Debug */ = {
			isa = XCBuildConfiguration;
			buildSettings = {
				ALWAYS_SEARCH_USER_PATHS = NO;
				CLANG_ANALYZER_NONNULL = YES;
				CLANG_ANALYZER_NUMBER_OBJECT_CONVERSION = YES_AGGRESSIVE;
				CLANG_CXX_LANGUAGE_STANDARD = "gnu++17";
				CLANG_ENABLE_MODULES = YES;
				CLANG_ENABLE_OBJC_ARC = YES;
				CLANG_ENABLE_OBJC_WEAK = YES;
				CLANG_WARN_BLOCK_CAPTURE_AUTORELEASING = YES;
				CLANG_WARN_BOOL_CONVERSION = YES;
				CLANG_WARN_COMMA = YES;
				CLANG_WARN_CONSTANT_CONVERSION = YES;
				CLANG_WARN_DEPRECATED_OBJC_IMPLEMENTATIONS = YES;
				CLANG_WARN_DIRECT_OBJC_ISA_USAGE = YES_ERROR;
				CLANG_WARN_DOCUMENTATION_COMMENTS = YES;
				CLANG_WARN_EMPTY_BODY = YES;
				CLANG_WARN_ENUM_CONVERSION = YES;
				CLANG_WARN_INFINITE_RECURSION = YES;
				CLANG_WARN_INT_CONVERSION = YES;
				CLANG_WARN_NON_LITERAL_NULL_CONVERSION = YES;
				CLANG_WARN_OBJC_IMPLICIT_RETAIN_SELF = YES;
				CLANG_WARN_OBJC_LITERAL_CONVERSION = YES;
				CLANG_WARN_OBJC_ROOT_CLASS = YES_ERROR;
				CLANG_WARN_QUOTED_INCLUDE_IN_FRAMEWORK_HEADER = YES;
				CLANG_WARN_RANGE_LOOP_ANALYSIS = YES;
				CLANG_WARN_STRICT_PROTOTYPES = YES;
				CLANG_WARN_SUSPICIOUS_MOVE = YES;
				CLANG_WARN_UNGUARDED_AVAILABILITY = YES_AGGRESSIVE;
				CLANG_WARN_UNREACHABLE_CODE = YES;
				CLANG_WARN__DUPLICATE_METHOD_MATCH = YES;
				COPY_PHASE_STRIP = NO;
				DEBUG_INFORMATION_FORMAT = dwarf;
				ENABLE_STRICT_OBJC_MSGSEND = YES;
				ENABLE_TESTABILITY = YES;
				GCC_C_LANGUAGE_STANDARD = gnu11;
				GCC_DYNAMIC_NO_PIC = NO;
				GCC_NO_COMMON_BLOCKS = YES;
				GCC_OPTIMIZATION_LEVEL = 0;
				GCC_PREPROCESSOR_DEFINITIONS = (
					"DEBUG=1",
					"$(inherited)",
				);
				GCC_WARN_64_TO_32_BIT_CONVERSION = YES;
				GCC_WARN_ABOUT_RETURN_TYPE = YES_ERROR;
				GCC_WARN_UNDECLARED_SELECTOR = YES;
				GCC_WARN_UNINITIALIZED_AUTOS = YES_AGGRESSIVE;
				GCC_WARN_UNUSED_FUNCTION = YES;
				GCC_WARN_UNUSED_VARIABLE = YES;
				IPHONEOS_DEPLOYMENT_TARGET = 15.4;
				MTL_ENABLE_DEBUG_INFO = INCLUDE_SOURCE;
				MTL_FAST_MATH = YES;
				ONLY_ACTIVE_ARCH = YES;
				SDKROOT = iphoneos;
				SWIFT_ACTIVE_COMPILATION_CONDITIONS = DEBUG;
				SWIFT_OPTIMIZATION_LEVEL = "-Onone";
			};
			name = Debug;
		};
		30F26BAA28B96308003BF696 /* Release */ = {
			isa = XCBuildConfiguration;
			buildSettings = {
				ALWAYS_SEARCH_USER_PATHS = NO;
				CLANG_ANALYZER_NONNULL = YES;
				CLANG_ANALYZER_NUMBER_OBJECT_CONVERSION = YES_AGGRESSIVE;
				CLANG_CXX_LANGUAGE_STANDARD = "gnu++17";
				CLANG_ENABLE_MODULES = YES;
				CLANG_ENABLE_OBJC_ARC = YES;
				CLANG_ENABLE_OBJC_WEAK = YES;
				CLANG_WARN_BLOCK_CAPTURE_AUTORELEASING = YES;
				CLANG_WARN_BOOL_CONVERSION = YES;
				CLANG_WARN_COMMA = YES;
				CLANG_WARN_CONSTANT_CONVERSION = YES;
				CLANG_WARN_DEPRECATED_OBJC_IMPLEMENTATIONS = YES;
				CLANG_WARN_DIRECT_OBJC_ISA_USAGE = YES_ERROR;
				CLANG_WARN_DOCUMENTATION_COMMENTS = YES;
				CLANG_WARN_EMPTY_BODY = YES;
				CLANG_WARN_ENUM_CONVERSION = YES;
				CLANG_WARN_INFINITE_RECURSION = YES;
				CLANG_WARN_INT_CONVERSION = YES;
				CLANG_WARN_NON_LITERAL_NULL_CONVERSION = YES;
				CLANG_WARN_OBJC_IMPLICIT_RETAIN_SELF = YES;
				CLANG_WARN_OBJC_LITERAL_CONVERSION = YES;
				CLANG_WARN_OBJC_ROOT_CLASS = YES_ERROR;
				CLANG_WARN_QUOTED_INCLUDE_IN_FRAMEWORK_HEADER = YES;
				CLANG_WARN_RANGE_LOOP_ANALYSIS = YES;
				CLANG_WARN_STRICT_PROTOTYPES = YES;
				CLANG_WARN_SUSPICIOUS_MOVE = YES;
				CLANG_WARN_UNGUARDED_AVAILABILITY = YES_AGGRESSIVE;
				CLANG_WARN_UNREACHABLE_CODE = YES;
				CLANG_WARN__DUPLICATE_METHOD_MATCH = YES;
				COPY_PHASE_STRIP = NO;
				DEBUG_INFORMATION_FORMAT = "dwarf-with-dsym";
				ENABLE_NS_ASSERTIONS = NO;
				ENABLE_STRICT_OBJC_MSGSEND = YES;
				GCC_C_LANGUAGE_STANDARD = gnu11;
				GCC_NO_COMMON_BLOCKS = YES;
				GCC_WARN_64_TO_32_BIT_CONVERSION = YES;
				GCC_WARN_ABOUT_RETURN_TYPE = YES_ERROR;
				GCC_WARN_UNDECLARED_SELECTOR = YES;
				GCC_WARN_UNINITIALIZED_AUTOS = YES_AGGRESSIVE;
				GCC_WARN_UNUSED_FUNCTION = YES;
				GCC_WARN_UNUSED_VARIABLE = YES;
				IPHONEOS_DEPLOYMENT_TARGET = 15.4;
				MTL_ENABLE_DEBUG_INFO = NO;
				MTL_FAST_MATH = YES;
				SDKROOT = iphoneos;
				SWIFT_COMPILATION_MODE = wholemodule;
				SWIFT_OPTIMIZATION_LEVEL = "-O";
				VALIDATE_PRODUCT = YES;
			};
			name = Release;
		};
		30F26BAC28B96308003BF696 /* Debug */ = {
			isa = XCBuildConfiguration;
			baseConfigurationReference = D8CA8839D28944F70D5A797C /* Pods-StriderChallenge.debug.xcconfig */;
			buildSettings = {
				ASSETCATALOG_COMPILER_APPICON_NAME = AppIcon;
				ASSETCATALOG_COMPILER_GLOBAL_ACCENT_COLOR_NAME = AccentColor;
				CODE_SIGN_STYLE = Automatic;
				CURRENT_PROJECT_VERSION = 1;
				DEVELOPMENT_TEAM = 3GN5WJ7SZD;
				GENERATE_INFOPLIST_FILE = YES;
				INFOPLIST_FILE = StriderChallenge/Resources/Info.plist;
				INFOPLIST_KEY_UIApplicationSupportsIndirectInputEvents = YES;
				INFOPLIST_KEY_UILaunchStoryboardName = LaunchScreen;
				INFOPLIST_KEY_UISupportedInterfaceOrientations_iPad = "UIInterfaceOrientationPortrait UIInterfaceOrientationPortraitUpsideDown UIInterfaceOrientationLandscapeLeft UIInterfaceOrientationLandscapeRight";
				INFOPLIST_KEY_UISupportedInterfaceOrientations_iPhone = "UIInterfaceOrientationPortrait UIInterfaceOrientationLandscapeLeft UIInterfaceOrientationLandscapeRight";
				LD_RUNPATH_SEARCH_PATHS = (
					"$(inherited)",
					"@executable_path/Frameworks",
				);
				MARKETING_VERSION = 1.0;
				PRODUCT_BUNDLE_IDENTIFIER = com.renatomateusx.StriderChallenge;
				PRODUCT_NAME = "$(TARGET_NAME)";
				SWIFT_EMIT_LOC_STRINGS = YES;
				SWIFT_VERSION = 5.0;
				TARGETED_DEVICE_FAMILY = "1,2";
			};
			name = Debug;
		};
		30F26BAD28B96308003BF696 /* Release */ = {
			isa = XCBuildConfiguration;
			baseConfigurationReference = FA39A8D9F6280350C1B5DDCA /* Pods-StriderChallenge.release.xcconfig */;
			buildSettings = {
				ASSETCATALOG_COMPILER_APPICON_NAME = AppIcon;
				ASSETCATALOG_COMPILER_GLOBAL_ACCENT_COLOR_NAME = AccentColor;
				CODE_SIGN_STYLE = Automatic;
				CURRENT_PROJECT_VERSION = 1;
				DEVELOPMENT_TEAM = 3GN5WJ7SZD;
				GENERATE_INFOPLIST_FILE = YES;
				INFOPLIST_FILE = StriderChallenge/Resources/Info.plist;
				INFOPLIST_KEY_UIApplicationSupportsIndirectInputEvents = YES;
				INFOPLIST_KEY_UILaunchStoryboardName = LaunchScreen;
				INFOPLIST_KEY_UISupportedInterfaceOrientations_iPad = "UIInterfaceOrientationPortrait UIInterfaceOrientationPortraitUpsideDown UIInterfaceOrientationLandscapeLeft UIInterfaceOrientationLandscapeRight";
				INFOPLIST_KEY_UISupportedInterfaceOrientations_iPhone = "UIInterfaceOrientationPortrait UIInterfaceOrientationLandscapeLeft UIInterfaceOrientationLandscapeRight";
				LD_RUNPATH_SEARCH_PATHS = (
					"$(inherited)",
					"@executable_path/Frameworks",
				);
				MARKETING_VERSION = 1.0;
				PRODUCT_BUNDLE_IDENTIFIER = com.renatomateusx.StriderChallenge;
				PRODUCT_NAME = "$(TARGET_NAME)";
				SWIFT_EMIT_LOC_STRINGS = YES;
				SWIFT_VERSION = 5.0;
				TARGETED_DEVICE_FAMILY = "1,2";
			};
			name = Release;
		};
		30F26BAF28B96308003BF696 /* Debug */ = {
			isa = XCBuildConfiguration;
			baseConfigurationReference = 4743D97034D14FE3C32BF036 /* Pods-StriderChallengeTests.debug.xcconfig */;
			buildSettings = {
				ALWAYS_EMBED_SWIFT_STANDARD_LIBRARIES = YES;
				BUNDLE_LOADER = "$(TEST_HOST)";
				CODE_SIGN_STYLE = Automatic;
				CURRENT_PROJECT_VERSION = 1;
				DEVELOPMENT_TEAM = 3GN5WJ7SZD;
				GENERATE_INFOPLIST_FILE = YES;
				IPHONEOS_DEPLOYMENT_TARGET = 15.4;
				MARKETING_VERSION = 1.0;
				PRODUCT_BUNDLE_IDENTIFIER = com.renatomateusx.StriderChallengeTests;
				PRODUCT_NAME = "$(TARGET_NAME)";
				SWIFT_EMIT_LOC_STRINGS = NO;
				SWIFT_VERSION = 5.0;
				TARGETED_DEVICE_FAMILY = "1,2";
				TEST_HOST = "$(BUILT_PRODUCTS_DIR)/StriderChallenge.app/StriderChallenge";
			};
			name = Debug;
		};
		30F26BB028B96308003BF696 /* Release */ = {
			isa = XCBuildConfiguration;
			baseConfigurationReference = 1E86E208FFA373C02D719336 /* Pods-StriderChallengeTests.release.xcconfig */;
			buildSettings = {
				ALWAYS_EMBED_SWIFT_STANDARD_LIBRARIES = YES;
				BUNDLE_LOADER = "$(TEST_HOST)";
				CODE_SIGN_STYLE = Automatic;
				CURRENT_PROJECT_VERSION = 1;
				DEVELOPMENT_TEAM = 3GN5WJ7SZD;
				GENERATE_INFOPLIST_FILE = YES;
				IPHONEOS_DEPLOYMENT_TARGET = 15.4;
				MARKETING_VERSION = 1.0;
				PRODUCT_BUNDLE_IDENTIFIER = com.renatomateusx.StriderChallengeTests;
				PRODUCT_NAME = "$(TARGET_NAME)";
				SWIFT_EMIT_LOC_STRINGS = NO;
				SWIFT_VERSION = 5.0;
				TARGETED_DEVICE_FAMILY = "1,2";
				TEST_HOST = "$(BUILT_PRODUCTS_DIR)/StriderChallenge.app/StriderChallenge";
			};
			name = Release;
		};
/* End XCBuildConfiguration section */

/* Begin XCConfigurationList section */
		30F26B7C28B96307003BF696 /* Build configuration list for PBXProject "StriderChallenge" */ = {
			isa = XCConfigurationList;
			buildConfigurations = (
				30F26BA928B96308003BF696 /* Debug */,
				30F26BAA28B96308003BF696 /* Release */,
			);
			defaultConfigurationIsVisible = 0;
			defaultConfigurationName = Release;
		};
		30F26BAB28B96308003BF696 /* Build configuration list for PBXNativeTarget "StriderChallenge" */ = {
			isa = XCConfigurationList;
			buildConfigurations = (
				30F26BAC28B96308003BF696 /* Debug */,
				30F26BAD28B96308003BF696 /* Release */,
			);
			defaultConfigurationIsVisible = 0;
			defaultConfigurationName = Release;
		};
		30F26BAE28B96308003BF696 /* Build configuration list for PBXNativeTarget "StriderChallengeTests" */ = {
			isa = XCConfigurationList;
			buildConfigurations = (
				30F26BAF28B96308003BF696 /* Debug */,
				30F26BB028B96308003BF696 /* Release */,
			);
			defaultConfigurationIsVisible = 0;
			defaultConfigurationName = Release;
		};
/* End XCConfigurationList section */
	};
	rootObject = 30F26B7928B96307003BF696 /* Project object */;
}
